{
  "nodes": {
    "darwin": {
      "inputs": {
        "nixpkgs": [
          "nixpkgs"
        ]
      },
      "locked": {
        "lastModified": 1719128254,
        "narHash": "sha256-I7jMpq0CAOZA/i70+HDQO/ulLttyQu/K70cSESiMX7A=",
        "owner": "lnl7",
        "repo": "nix-darwin",
        "rev": "50581970f37f06a4719001735828519925ef8310",
        "type": "github"
      },
      "original": {
        "owner": "lnl7",
        "ref": "master",
        "repo": "nix-darwin",
        "type": "github"
      }
    },
    "home-manager": {
      "inputs": {
        "nixpkgs": [
          "nixpkgs"
        ]
      },
      "locked": {
        "lastModified": 1719674418,
        "narHash": "sha256-LPopSK7CVk1zmvNqH90rFRGUsDr9TfxvXNxLltw3aPo=",
        "owner": "nix-community",
        "repo": "home-manager",
        "rev": "c2f806e60ac55c604708250ba0ebcf96bccbbafe",
        "type": "github"
      },
      "original": {
        "owner": "nix-community",
        "repo": "home-manager",
        "type": "github"
      }
    },
    "nixpkgs": {
      "locked": {
        "lastModified": 1719676163,
        "narHash": "sha256-BK/2i1/uyoW/jQxJXNi70sg2VQN91ioVXWYXDqvfnfI=",
        "owner": "NixOS",
        "repo": "nixpkgs",
        "rev": "43f06ccf4c0af7d71ac99197d93ba4f7175a04f9",
        "type": "github"
      },
      "original": {
        "owner": "NixOS",
        "repo": "nixpkgs",
        "type": "github"
      }
    },
    "root": {
      "inputs": {
        "darwin": "darwin",
        "home-manager": "home-manager",
        "nixpkgs": "nixpkgs"
      }
    }
  },
  "root": "root",
  "version": 7
}
